// !$*UTF8*$!
{
	archiveVersion = 1;
	classes = {
	};
	objectVersion = 56;
	objects = {

/* Begin PBXBuildFile section */
		9F0C8A8D2BCE0C5B00515E08 /* MarvelComicsApp.swift in Sources */ = {isa = PBXBuildFile; fileRef = 9F0C8A8C2BCE0C5B00515E08 /* MarvelComicsApp.swift */; };
		9F0C8A8F2BCE0C5B00515E08 /* ComicView.swift in Sources */ = {isa = PBXBuildFile; fileRef = 9F0C8A8E2BCE0C5B00515E08 /* ComicView.swift */; };
		9F0C8A912BCE0C5D00515E08 /* Assets.xcassets in Resources */ = {isa = PBXBuildFile; fileRef = 9F0C8A902BCE0C5D00515E08 /* Assets.xcassets */; };
		9F0C8A942BCE0C5D00515E08 /* Preview Assets.xcassets in Resources */ = {isa = PBXBuildFile; fileRef = 9F0C8A932BCE0C5D00515E08 /* Preview Assets.xcassets */; };
		9F0C8A9F2BCE0DD500515E08 /* ComicsService.swift in Sources */ = {isa = PBXBuildFile; fileRef = 9F0C8A9E2BCE0DD500515E08 /* ComicsService.swift */; };
		9F0C8AA12BCE102800515E08 /* Comic.swift in Sources */ = {isa = PBXBuildFile; fileRef = 9F0C8AA02BCE102800515E08 /* Comic.swift */; };
		9F0C8AA32BCE10E100515E08 /* ComicsResponse.swift in Sources */ = {isa = PBXBuildFile; fileRef = 9F0C8AA22BCE10E100515E08 /* ComicsResponse.swift */; };
		9F0C8AA82BCE173200515E08 /* Utils.swift in Sources */ = {isa = PBXBuildFile; fileRef = 9F0C8AA72BCE173200515E08 /* Utils.swift */; };
		9F0C8AAA2BCF491800515E08 /* ComicsServiceError.swift in Sources */ = {isa = PBXBuildFile; fileRef = 9F0C8AA92BCF491800515E08 /* ComicsServiceError.swift */; };
		9F0C8AAC2BCF520B00515E08 /* ComicViewModel.swift in Sources */ = {isa = PBXBuildFile; fileRef = 9F0C8AAB2BCF520B00515E08 /* ComicViewModel.swift */; };
		9F2448742BD0A5AC004D1A68 /* MarvelComicsTests.swift in Sources */ = {isa = PBXBuildFile; fileRef = 9F2448732BD0A5AC004D1A68 /* MarvelComicsTests.swift */; };
		9F2448812BD0A5E9004D1A68 /* MarvelComicsUITests.swift in Sources */ = {isa = PBXBuildFile; fileRef = 9F2448802BD0A5E9004D1A68 /* MarvelComicsUITests.swift */; };
		9F2448832BD0A5E9004D1A68 /* MarvelComicsUITestsLaunchTests.swift in Sources */ = {isa = PBXBuildFile; fileRef = 9F2448822BD0A5E9004D1A68 /* MarvelComicsUITestsLaunchTests.swift */; };
		9F24488A2BD0B985004D1A68 /* MockURLProtocol.swift in Sources */ = {isa = PBXBuildFile; fileRef = 9F2448892BD0B985004D1A68 /* MockURLProtocol.swift */; };
		9F24488C2BD0BD20004D1A68 /* StubbedComic.swift in Sources */ = {isa = PBXBuildFile; fileRef = 9F24488B2BD0BD20004D1A68 /* StubbedComic.swift */; };
/* End PBXBuildFile section */

/* Begin PBXContainerItemProxy section */
		9F2448752BD0A5AC004D1A68 /* PBXContainerItemProxy */ = {
			isa = PBXContainerItemProxy;
			containerPortal = 9F0C8A812BCE0C5B00515E08 /* Project object */;
			proxyType = 1;
			remoteGlobalIDString = 9F0C8A882BCE0C5B00515E08;
			remoteInfo = MarvelComics;
		};
		9F2448842BD0A5E9004D1A68 /* PBXContainerItemProxy */ = {
			isa = PBXContainerItemProxy;
			containerPortal = 9F0C8A812BCE0C5B00515E08 /* Project object */;
			proxyType = 1;
			remoteGlobalIDString = 9F0C8A882BCE0C5B00515E08;
			remoteInfo = MarvelComics;
		};
/* End PBXContainerItemProxy section */

/* Begin PBXFileReference section */
		9F0C8A892BCE0C5B00515E08 /* MarvelComics.app */ = {isa = PBXFileReference; explicitFileType = wrapper.application; includeInIndex = 0; path = MarvelComics.app; sourceTree = BUILT_PRODUCTS_DIR; };
		9F0C8A8C2BCE0C5B00515E08 /* MarvelComicsApp.swift */ = {isa = PBXFileReference; lastKnownFileType = sourcecode.swift; path = MarvelComicsApp.swift; sourceTree = "<group>"; };
		9F0C8A8E2BCE0C5B00515E08 /* ComicView.swift */ = {isa = PBXFileReference; lastKnownFileType = sourcecode.swift; path = ComicView.swift; sourceTree = "<group>"; };
		9F0C8A902BCE0C5D00515E08 /* Assets.xcassets */ = {isa = PBXFileReference; lastKnownFileType = folder.assetcatalog; path = Assets.xcassets; sourceTree = "<group>"; };
		9F0C8A932BCE0C5D00515E08 /* Preview Assets.xcassets */ = {isa = PBXFileReference; lastKnownFileType = folder.assetcatalog; path = "Preview Assets.xcassets"; sourceTree = "<group>"; };
		9F0C8A9E2BCE0DD500515E08 /* ComicsService.swift */ = {isa = PBXFileReference; lastKnownFileType = sourcecode.swift; path = ComicsService.swift; sourceTree = "<group>"; };
		9F0C8AA02BCE102800515E08 /* Comic.swift */ = {isa = PBXFileReference; lastKnownFileType = sourcecode.swift; path = Comic.swift; sourceTree = "<group>"; };
		9F0C8AA22BCE10E100515E08 /* ComicsResponse.swift */ = {isa = PBXFileReference; lastKnownFileType = sourcecode.swift; path = ComicsResponse.swift; sourceTree = "<group>"; };
		9F0C8AA72BCE173200515E08 /* Utils.swift */ = {isa = PBXFileReference; lastKnownFileType = sourcecode.swift; path = Utils.swift; sourceTree = "<group>"; };
		9F0C8AA92BCF491800515E08 /* ComicsServiceError.swift */ = {isa = PBXFileReference; lastKnownFileType = sourcecode.swift; path = ComicsServiceError.swift; sourceTree = "<group>"; };
		9F0C8AAB2BCF520B00515E08 /* ComicViewModel.swift */ = {isa = PBXFileReference; lastKnownFileType = sourcecode.swift; path = ComicViewModel.swift; sourceTree = "<group>"; };
		9F0C8AAD2BCF5D6800515E08 /* Info.plist */ = {isa = PBXFileReference; lastKnownFileType = text.plist; path = Info.plist; sourceTree = "<group>"; };
		9F2448712BD0A5AC004D1A68 /* MarvelComicsTests.xctest */ = {isa = PBXFileReference; explicitFileType = wrapper.cfbundle; includeInIndex = 0; path = MarvelComicsTests.xctest; sourceTree = BUILT_PRODUCTS_DIR; };
		9F2448732BD0A5AC004D1A68 /* MarvelComicsTests.swift */ = {isa = PBXFileReference; lastKnownFileType = sourcecode.swift; path = MarvelComicsTests.swift; sourceTree = "<group>"; };
		9F24487E2BD0A5E9004D1A68 /* MarvelComicsUITests.xctest */ = {isa = PBXFileReference; explicitFileType = wrapper.cfbundle; includeInIndex = 0; path = MarvelComicsUITests.xctest; sourceTree = BUILT_PRODUCTS_DIR; };
		9F2448802BD0A5E9004D1A68 /* MarvelComicsUITests.swift */ = {isa = PBXFileReference; lastKnownFileType = sourcecode.swift; path = MarvelComicsUITests.swift; sourceTree = "<group>"; };
		9F2448822BD0A5E9004D1A68 /* MarvelComicsUITestsLaunchTests.swift */ = {isa = PBXFileReference; lastKnownFileType = sourcecode.swift; path = MarvelComicsUITestsLaunchTests.swift; sourceTree = "<group>"; };
		9F2448892BD0B985004D1A68 /* MockURLProtocol.swift */ = {isa = PBXFileReference; lastKnownFileType = sourcecode.swift; path = MockURLProtocol.swift; sourceTree = "<group>"; };
		9F24488B2BD0BD20004D1A68 /* StubbedComic.swift */ = {isa = PBXFileReference; lastKnownFileType = sourcecode.swift; path = StubbedComic.swift; sourceTree = "<group>"; };
/* End PBXFileReference section */

/* Begin PBXFrameworksBuildPhase section */
		9F0C8A862BCE0C5B00515E08 /* Frameworks */ = {
			isa = PBXFrameworksBuildPhase;
			buildActionMask = 2147483647;
			files = (
			);
			runOnlyForDeploymentPostprocessing = 0;
		};
		9F24486E2BD0A5AC004D1A68 /* Frameworks */ = {
			isa = PBXFrameworksBuildPhase;
			buildActionMask = 2147483647;
			files = (
			);
			runOnlyForDeploymentPostprocessing = 0;
		};
		9F24487B2BD0A5E9004D1A68 /* Frameworks */ = {
			isa = PBXFrameworksBuildPhase;
			buildActionMask = 2147483647;
			files = (
			);
			runOnlyForDeploymentPostprocessing = 0;
		};
/* End PBXFrameworksBuildPhase section */

/* Begin PBXGroup section */
		9F0C8A802BCE0C5B00515E08 = {
			isa = PBXGroup;
			children = (
				9F0C8A8B2BCE0C5B00515E08 /* MarvelComics */,
				9F2448722BD0A5AC004D1A68 /* MarvelComicsTests */,
				9F24487F2BD0A5E9004D1A68 /* MarvelComicsUITests */,
				9F0C8A8A2BCE0C5B00515E08 /* Products */,
			);
			sourceTree = "<group>";
		};
		9F0C8A8A2BCE0C5B00515E08 /* Products */ = {
			isa = PBXGroup;
			children = (
				9F0C8A892BCE0C5B00515E08 /* MarvelComics.app */,
				9F2448712BD0A5AC004D1A68 /* MarvelComicsTests.xctest */,
				9F24487E2BD0A5E9004D1A68 /* MarvelComicsUITests.xctest */,
			);
			name = Products;
			sourceTree = "<group>";
		};
		9F0C8A8B2BCE0C5B00515E08 /* MarvelComics */ = {
			isa = PBXGroup;
			children = (
				9F0C8AAD2BCF5D6800515E08 /* Info.plist */,
				9F0C8AA62BCE172A00515E08 /* Utils */,
				9F0C8A9D2BCE0C7C00515E08 /* ComicsService */,
				9F0C8A9C2BCE0C7500515E08 /* ViewModel */,
				9F0C8A9B2BCE0C7000515E08 /* View */,
				9F0C8A9A2BCE0C6A00515E08 /* Model */,
				9F0C8A8C2BCE0C5B00515E08 /* MarvelComicsApp.swift */,
				9F0C8A902BCE0C5D00515E08 /* Assets.xcassets */,
				9F0C8A922BCE0C5D00515E08 /* Preview Content */,
			);
			path = MarvelComics;
			sourceTree = "<group>";
		};
		9F0C8A922BCE0C5D00515E08 /* Preview Content */ = {
			isa = PBXGroup;
			children = (
				9F0C8A932BCE0C5D00515E08 /* Preview Assets.xcassets */,
			);
			path = "Preview Content";
			sourceTree = "<group>";
		};
		9F0C8A9A2BCE0C6A00515E08 /* Model */ = {
			isa = PBXGroup;
			children = (
				9F0C8AA02BCE102800515E08 /* Comic.swift */,
				9F0C8AA22BCE10E100515E08 /* ComicsResponse.swift */,
			);
			path = Model;
			sourceTree = "<group>";
		};
		9F0C8A9B2BCE0C7000515E08 /* View */ = {
			isa = PBXGroup;
			children = (
				9F0C8A8E2BCE0C5B00515E08 /* ComicView.swift */,
			);
			path = View;
			sourceTree = "<group>";
		};
		9F0C8A9C2BCE0C7500515E08 /* ViewModel */ = {
			isa = PBXGroup;
			children = (
				9F0C8AAB2BCF520B00515E08 /* ComicViewModel.swift */,
			);
			path = ViewModel;
			sourceTree = "<group>";
		};
		9F0C8A9D2BCE0C7C00515E08 /* ComicsService */ = {
			isa = PBXGroup;
			children = (
				9F0C8A9E2BCE0DD500515E08 /* ComicsService.swift */,
				9F0C8AA92BCF491800515E08 /* ComicsServiceError.swift */,
			);
			path = ComicsService;
			sourceTree = "<group>";
		};
		9F0C8AA62BCE172A00515E08 /* Utils */ = {
			isa = PBXGroup;
			children = (
				9F0C8AA72BCE173200515E08 /* Utils.swift */,
			);
			path = Utils;
			sourceTree = "<group>";
		};
		9F2448722BD0A5AC004D1A68 /* MarvelComicsTests */ = {
			isa = PBXGroup;
			children = (
				9F24488B2BD0BD20004D1A68 /* StubbedComic.swift */,
				9F2448892BD0B985004D1A68 /* MockURLProtocol.swift */,
				9F2448732BD0A5AC004D1A68 /* MarvelComicsTests.swift */,
			);
			path = MarvelComicsTests;
			sourceTree = "<group>";
		};
		9F24487F2BD0A5E9004D1A68 /* MarvelComicsUITests */ = {
			isa = PBXGroup;
			children = (
				9F2448802BD0A5E9004D1A68 /* MarvelComicsUITests.swift */,
				9F2448822BD0A5E9004D1A68 /* MarvelComicsUITestsLaunchTests.swift */,
			);
			path = MarvelComicsUITests;
			sourceTree = "<group>";
		};
/* End PBXGroup section */

/* Begin PBXNativeTarget section */
		9F0C8A882BCE0C5B00515E08 /* MarvelComics */ = {
			isa = PBXNativeTarget;
			buildConfigurationList = 9F0C8A972BCE0C5D00515E08 /* Build configuration list for PBXNativeTarget "MarvelComics" */;
			buildPhases = (
				9F0C8A852BCE0C5B00515E08 /* Sources */,
				9F0C8A862BCE0C5B00515E08 /* Frameworks */,
				9F0C8A872BCE0C5B00515E08 /* Resources */,
			);
			buildRules = (
			);
			dependencies = (
			);
			name = MarvelComics;
			productName = MarvelComics;
			productReference = 9F0C8A892BCE0C5B00515E08 /* MarvelComics.app */;
			productType = "com.apple.product-type.application";
		};
		9F2448702BD0A5AC004D1A68 /* MarvelComicsTests */ = {
			isa = PBXNativeTarget;
			buildConfigurationList = 9F2448792BD0A5AC004D1A68 /* Build configuration list for PBXNativeTarget "MarvelComicsTests" */;
			buildPhases = (
				9F24486D2BD0A5AC004D1A68 /* Sources */,
				9F24486E2BD0A5AC004D1A68 /* Frameworks */,
				9F24486F2BD0A5AC004D1A68 /* Resources */,
			);
			buildRules = (
			);
			dependencies = (
				9F2448762BD0A5AC004D1A68 /* PBXTargetDependency */,
			);
			name = MarvelComicsTests;
			productName = MarvelComicsTests;
			productReference = 9F2448712BD0A5AC004D1A68 /* MarvelComicsTests.xctest */;
			productType = "com.apple.product-type.bundle.unit-test";
		};
		9F24487D2BD0A5E9004D1A68 /* MarvelComicsUITests */ = {
			isa = PBXNativeTarget;
			buildConfigurationList = 9F2448862BD0A5E9004D1A68 /* Build configuration list for PBXNativeTarget "MarvelComicsUITests" */;
			buildPhases = (
				9F24487A2BD0A5E9004D1A68 /* Sources */,
				9F24487B2BD0A5E9004D1A68 /* Frameworks */,
				9F24487C2BD0A5E9004D1A68 /* Resources */,
			);
			buildRules = (
			);
			dependencies = (
				9F2448852BD0A5E9004D1A68 /* PBXTargetDependency */,
			);
			name = MarvelComicsUITests;
			productName = MarvelComicsUITests;
			productReference = 9F24487E2BD0A5E9004D1A68 /* MarvelComicsUITests.xctest */;
			productType = "com.apple.product-type.bundle.ui-testing";
		};
/* End PBXNativeTarget section */

/* Begin PBXProject section */
		9F0C8A812BCE0C5B00515E08 /* Project object */ = {
			isa = PBXProject;
			attributes = {
				BuildIndependentTargetsInParallel = 1;
				LastSwiftUpdateCheck = 1530;
				LastUpgradeCheck = 1530;
				TargetAttributes = {
					9F0C8A882BCE0C5B00515E08 = {
						CreatedOnToolsVersion = 15.3;
					};
					9F2448702BD0A5AC004D1A68 = {
						CreatedOnToolsVersion = 15.3;
						TestTargetID = 9F0C8A882BCE0C5B00515E08;
					};
					9F24487D2BD0A5E9004D1A68 = {
						CreatedOnToolsVersion = 15.3;
						TestTargetID = 9F0C8A882BCE0C5B00515E08;
					};
				};
			};
			buildConfigurationList = 9F0C8A842BCE0C5B00515E08 /* Build configuration list for PBXProject "MarvelComics" */;
			compatibilityVersion = "Xcode 14.0";
			developmentRegion = en;
			hasScannedForEncodings = 0;
			knownRegions = (
				en,
				Base,
			);
			mainGroup = 9F0C8A802BCE0C5B00515E08;
			productRefGroup = 9F0C8A8A2BCE0C5B00515E08 /* Products */;
			projectDirPath = "";
			projectRoot = "";
			targets = (
				9F0C8A882BCE0C5B00515E08 /* MarvelComics */,
				9F2448702BD0A5AC004D1A68 /* MarvelComicsTests */,
				9F24487D2BD0A5E9004D1A68 /* MarvelComicsUITests */,
			);
		};
/* End PBXProject section */

/* Begin PBXResourcesBuildPhase section */
		9F0C8A872BCE0C5B00515E08 /* Resources */ = {
			isa = PBXResourcesBuildPhase;
			buildActionMask = 2147483647;
			files = (
				9F0C8A942BCE0C5D00515E08 /* Preview Assets.xcassets in Resources */,
				9F0C8A912BCE0C5D00515E08 /* Assets.xcassets in Resources */,
			);
			runOnlyForDeploymentPostprocessing = 0;
		};
		9F24486F2BD0A5AC004D1A68 /* Resources */ = {
			isa = PBXResourcesBuildPhase;
			buildActionMask = 2147483647;
			files = (
			);
			runOnlyForDeploymentPostprocessing = 0;
		};
		9F24487C2BD0A5E9004D1A68 /* Resources */ = {
			isa = PBXResourcesBuildPhase;
			buildActionMask = 2147483647;
			files = (
			);
			runOnlyForDeploymentPostprocessing = 0;
		};
/* End PBXResourcesBuildPhase section */

/* Begin PBXSourcesBuildPhase section */
		9F0C8A852BCE0C5B00515E08 /* Sources */ = {
			isa = PBXSourcesBuildPhase;
			buildActionMask = 2147483647;
			files = (
				9F0C8A8F2BCE0C5B00515E08 /* ComicView.swift in Sources */,
				9F0C8AA32BCE10E100515E08 /* ComicsResponse.swift in Sources */,
				9F0C8AA12BCE102800515E08 /* Comic.swift in Sources */,
				9F0C8A8D2BCE0C5B00515E08 /* MarvelComicsApp.swift in Sources */,
				9F0C8A9F2BCE0DD500515E08 /* ComicsService.swift in Sources */,
				9F0C8AA82BCE173200515E08 /* Utils.swift in Sources */,
				9F0C8AAC2BCF520B00515E08 /* ComicViewModel.swift in Sources */,
				9F0C8AAA2BCF491800515E08 /* ComicsServiceError.swift in Sources */,
			);
			runOnlyForDeploymentPostprocessing = 0;
		};
		9F24486D2BD0A5AC004D1A68 /* Sources */ = {
			isa = PBXSourcesBuildPhase;
			buildActionMask = 2147483647;
			files = (
				9F2448742BD0A5AC004D1A68 /* MarvelComicsTests.swift in Sources */,
				9F24488A2BD0B985004D1A68 /* MockURLProtocol.swift in Sources */,
				9F24488C2BD0BD20004D1A68 /* StubbedComic.swift in Sources */,
			);
			runOnlyForDeploymentPostprocessing = 0;
		};
		9F24487A2BD0A5E9004D1A68 /* Sources */ = {
			isa = PBXSourcesBuildPhase;
			buildActionMask = 2147483647;
			files = (
				9F2448812BD0A5E9004D1A68 /* MarvelComicsUITests.swift in Sources */,
				9F2448832BD0A5E9004D1A68 /* MarvelComicsUITestsLaunchTests.swift in Sources */,
			);
			runOnlyForDeploymentPostprocessing = 0;
		};
/* End PBXSourcesBuildPhase section */

/* Begin PBXTargetDependency section */
		9F2448762BD0A5AC004D1A68 /* PBXTargetDependency */ = {
			isa = PBXTargetDependency;
			target = 9F0C8A882BCE0C5B00515E08 /* MarvelComics */;
			targetProxy = 9F2448752BD0A5AC004D1A68 /* PBXContainerItemProxy */;
		};
		9F2448852BD0A5E9004D1A68 /* PBXTargetDependency */ = {
			isa = PBXTargetDependency;
			target = 9F0C8A882BCE0C5B00515E08 /* MarvelComics */;
			targetProxy = 9F2448842BD0A5E9004D1A68 /* PBXContainerItemProxy */;
		};
/* End PBXTargetDependency section */

/* Begin XCBuildConfiguration section */
		9F0C8A952BCE0C5D00515E08 /* Debug */ = {
			isa = XCBuildConfiguration;
			buildSettings = {
				ALWAYS_SEARCH_USER_PATHS = NO;
				ASSETCATALOG_COMPILER_GENERATE_SWIFT_ASSET_SYMBOL_EXTENSIONS = YES;
				CLANG_ANALYZER_NONNULL = YES;
				CLANG_ANALYZER_NUMBER_OBJECT_CONVERSION = YES_AGGRESSIVE;
				CLANG_CXX_LANGUAGE_STANDARD = "gnu++20";
				CLANG_ENABLE_MODULES = YES;
				CLANG_ENABLE_OBJC_ARC = YES;
				CLANG_ENABLE_OBJC_WEAK = YES;
				CLANG_WARN_BLOCK_CAPTURE_AUTORELEASING = YES;
				CLANG_WARN_BOOL_CONVERSION = YES;
				CLANG_WARN_COMMA = YES;
				CLANG_WARN_CONSTANT_CONVERSION = YES;
				CLANG_WARN_DEPRECATED_OBJC_IMPLEMENTATIONS = YES;
				CLANG_WARN_DIRECT_OBJC_ISA_USAGE = YES_ERROR;
				CLANG_WARN_DOCUMENTATION_COMMENTS = YES;
				CLANG_WARN_EMPTY_BODY = YES;
				CLANG_WARN_ENUM_CONVERSION = YES;
				CLANG_WARN_INFINITE_RECURSION = YES;
				CLANG_WARN_INT_CONVERSION = YES;
				CLANG_WARN_NON_LITERAL_NULL_CONVERSION = YES;
				CLANG_WARN_OBJC_IMPLICIT_RETAIN_SELF = YES;
				CLANG_WARN_OBJC_LITERAL_CONVERSION = YES;
				CLANG_WARN_OBJC_ROOT_CLASS = YES_ERROR;
				CLANG_WARN_QUOTED_INCLUDE_IN_FRAMEWORK_HEADER = YES;
				CLANG_WARN_RANGE_LOOP_ANALYSIS = YES;
				CLANG_WARN_STRICT_PROTOTYPES = YES;
				CLANG_WARN_SUSPICIOUS_MOVE = YES;
				CLANG_WARN_UNGUARDED_AVAILABILITY = YES_AGGRESSIVE;
				CLANG_WARN_UNREACHABLE_CODE = YES;
				CLANG_WARN__DUPLICATE_METHOD_MATCH = YES;
				COPY_PHASE_STRIP = NO;
				DEBUG_INFORMATION_FORMAT = dwarf;
				ENABLE_STRICT_OBJC_MSGSEND = YES;
				ENABLE_TESTABILITY = YES;
				ENABLE_USER_SCRIPT_SANDBOXING = YES;
				GCC_C_LANGUAGE_STANDARD = gnu17;
				GCC_DYNAMIC_NO_PIC = NO;
				GCC_NO_COMMON_BLOCKS = YES;
				GCC_OPTIMIZATION_LEVEL = 0;
				GCC_PREPROCESSOR_DEFINITIONS = (
					"DEBUG=1",
					"$(inherited)",
				);
				GCC_WARN_64_TO_32_BIT_CONVERSION = YES;
				GCC_WARN_ABOUT_RETURN_TYPE = YES_ERROR;
				GCC_WARN_UNDECLARED_SELECTOR = YES;
				GCC_WARN_UNINITIALIZED_AUTOS = YES_AGGRESSIVE;
				GCC_WARN_UNUSED_FUNCTION = YES;
				GCC_WARN_UNUSED_VARIABLE = YES;
				IPHONEOS_DEPLOYMENT_TARGET = 17.4;
				LOCALIZATION_PREFERS_STRING_CATALOGS = YES;
				MTL_ENABLE_DEBUG_INFO = INCLUDE_SOURCE;
				MTL_FAST_MATH = YES;
				ONLY_ACTIVE_ARCH = YES;
				SDKROOT = iphoneos;
				SWIFT_ACTIVE_COMPILATION_CONDITIONS = "DEBUG $(inherited)";
				SWIFT_OPTIMIZATION_LEVEL = "-Onone";
			};
			name = Debug;
		};
		9F0C8A962BCE0C5D00515E08 /* Release */ = {
			isa = XCBuildConfiguration;
			buildSettings = {
				ALWAYS_SEARCH_USER_PATHS = NO;
				ASSETCATALOG_COMPILER_GENERATE_SWIFT_ASSET_SYMBOL_EXTENSIONS = YES;
				CLANG_ANALYZER_NONNULL = YES;
				CLANG_ANALYZER_NUMBER_OBJECT_CONVERSION = YES_AGGRESSIVE;
				CLANG_CXX_LANGUAGE_STANDARD = "gnu++20";
				CLANG_ENABLE_MODULES = YES;
				CLANG_ENABLE_OBJC_ARC = YES;
				CLANG_ENABLE_OBJC_WEAK = YES;
				CLANG_WARN_BLOCK_CAPTURE_AUTORELEASING = YES;
				CLANG_WARN_BOOL_CONVERSION = YES;
				CLANG_WARN_COMMA = YES;
				CLANG_WARN_CONSTANT_CONVERSION = YES;
				CLANG_WARN_DEPRECATED_OBJC_IMPLEMENTATIONS = YES;
				CLANG_WARN_DIRECT_OBJC_ISA_USAGE = YES_ERROR;
				CLANG_WARN_DOCUMENTATION_COMMENTS = YES;
				CLANG_WARN_EMPTY_BODY = YES;
				CLANG_WARN_ENUM_CONVERSION = YES;
				CLANG_WARN_INFINITE_RECURSION = YES;
				CLANG_WARN_INT_CONVERSION = YES;
				CLANG_WARN_NON_LITERAL_NULL_CONVERSION = YES;
				CLANG_WARN_OBJC_IMPLICIT_RETAIN_SELF = YES;
				CLANG_WARN_OBJC_LITERAL_CONVERSION = YES;
				CLANG_WARN_OBJC_ROOT_CLASS = YES_ERROR;
				CLANG_WARN_QUOTED_INCLUDE_IN_FRAMEWORK_HEADER = YES;
				CLANG_WARN_RANGE_LOOP_ANALYSIS = YES;
				CLANG_WARN_STRICT_PROTOTYPES = YES;
				CLANG_WARN_SUSPICIOUS_MOVE = YES;
				CLANG_WARN_UNGUARDED_AVAILABILITY = YES_AGGRESSIVE;
				CLANG_WARN_UNREACHABLE_CODE = YES;
				CLANG_WARN__DUPLICATE_METHOD_MATCH = YES;
				COPY_PHASE_STRIP = NO;
				DEBUG_INFORMATION_FORMAT = "dwarf-with-dsym";
				ENABLE_NS_ASSERTIONS = NO;
				ENABLE_STRICT_OBJC_MSGSEND = YES;
				ENABLE_USER_SCRIPT_SANDBOXING = YES;
				GCC_C_LANGUAGE_STANDARD = gnu17;
				GCC_NO_COMMON_BLOCKS = YES;
				GCC_WARN_64_TO_32_BIT_CONVERSION = YES;
				GCC_WARN_ABOUT_RETURN_TYPE = YES_ERROR;
				GCC_WARN_UNDECLARED_SELECTOR = YES;
				GCC_WARN_UNINITIALIZED_AUTOS = YES_AGGRESSIVE;
				GCC_WARN_UNUSED_FUNCTION = YES;
				GCC_WARN_UNUSED_VARIABLE = YES;
				IPHONEOS_DEPLOYMENT_TARGET = 17.4;
				LOCALIZATION_PREFERS_STRING_CATALOGS = YES;
				MTL_ENABLE_DEBUG_INFO = NO;
				MTL_FAST_MATH = YES;
				SDKROOT = iphoneos;
				SWIFT_COMPILATION_MODE = wholemodule;
				VALIDATE_PRODUCT = YES;
			};
			name = Release;
		};
		9F0C8A982BCE0C5D00515E08 /* Debug */ = {
			isa = XCBuildConfiguration;
			buildSettings = {
				ASSETCATALOG_COMPILER_APPICON_NAME = AppIcon;
				ASSETCATALOG_COMPILER_GLOBAL_ACCENT_COLOR_NAME = AccentColor;
				CODE_SIGN_STYLE = Automatic;
				CURRENT_PROJECT_VERSION = 1;
				DEVELOPMENT_ASSET_PATHS = "\"MarvelComics/Preview Content\"";
				DEVELOPMENT_TEAM = ATQ69Z5T32;
				ENABLE_PREVIEWS = YES;
				GENERATE_INFOPLIST_FILE = YES;
				INFOPLIST_FILE = MarvelComics/Info.plist;
				INFOPLIST_KEY_UIApplicationSceneManifest_Generation = YES;
				INFOPLIST_KEY_UIApplicationSupportsIndirectInputEvents = YES;
				INFOPLIST_KEY_UILaunchScreen_Generation = YES;
				INFOPLIST_KEY_UISupportedInterfaceOrientations_iPad = "UIInterfaceOrientationPortrait UIInterfaceOrientationPortraitUpsideDown UIInterfaceOrientationLandscapeLeft UIInterfaceOrientationLandscapeRight";
				INFOPLIST_KEY_UISupportedInterfaceOrientations_iPhone = "UIInterfaceOrientationPortrait UIInterfaceOrientationLandscapeLeft UIInterfaceOrientationLandscapeRight";
				LD_RUNPATH_SEARCH_PATHS = (
					"$(inherited)",
					"@executable_path/Frameworks",
				);
				MARKETING_VERSION = 1.0;
				PRODUCT_BUNDLE_IDENTIFIER = com.lorenzodecaria.MarvelComics;
				PRODUCT_NAME = "$(TARGET_NAME)";
				SWIFT_EMIT_LOC_STRINGS = YES;
				SWIFT_VERSION = 5.0;
				TARGETED_DEVICE_FAMILY = "1,2";
			};
			name = Debug;
		};
		9F0C8A992BCE0C5D00515E08 /* Release */ = {
			isa = XCBuildConfiguration;
			buildSettings = {
				ASSETCATALOG_COMPILER_APPICON_NAME = AppIcon;
				ASSETCATALOG_COMPILER_GLOBAL_ACCENT_COLOR_NAME = AccentColor;
				CODE_SIGN_STYLE = Automatic;
				CURRENT_PROJECT_VERSION = 1;
				DEVELOPMENT_ASSET_PATHS = "\"MarvelComics/Preview Content\"";
				DEVELOPMENT_TEAM = ATQ69Z5T32;
				ENABLE_PREVIEWS = YES;
				GENERATE_INFOPLIST_FILE = YES;
				INFOPLIST_FILE = MarvelComics/Info.plist;
				INFOPLIST_KEY_UIApplicationSceneManifest_Generation = YES;
				INFOPLIST_KEY_UIApplicationSupportsIndirectInputEvents = YES;
				INFOPLIST_KEY_UILaunchScreen_Generation = YES;
				INFOPLIST_KEY_UISupportedInterfaceOrientations_iPad = "UIInterfaceOrientationPortrait UIInterfaceOrientationPortraitUpsideDown UIInterfaceOrientationLandscapeLeft UIInterfaceOrientationLandscapeRight";
				INFOPLIST_KEY_UISupportedInterfaceOrientations_iPhone = "UIInterfaceOrientationPortrait UIInterfaceOrientationLandscapeLeft UIInterfaceOrientationLandscapeRight";
				LD_RUNPATH_SEARCH_PATHS = (
					"$(inherited)",
					"@executable_path/Frameworks",
				);
				MARKETING_VERSION = 1.0;
				PRODUCT_BUNDLE_IDENTIFIER = com.lorenzodecaria.MarvelComics;
				PRODUCT_NAME = "$(TARGET_NAME)";
				SWIFT_EMIT_LOC_STRINGS = YES;
				SWIFT_VERSION = 5.0;
				TARGETED_DEVICE_FAMILY = "1,2";
			};
			name = Release;
		};
		9F2448772BD0A5AC004D1A68 /* Debug */ = {
			isa = XCBuildConfiguration;
			buildSettings = {
				BUNDLE_LOADER = "$(TEST_HOST)";
				CODE_SIGN_STYLE = Automatic;
				CURRENT_PROJECT_VERSION = 1;
				DEVELOPMENT_TEAM = ATQ69Z5T32;
				GENERATE_INFOPLIST_FILE = YES;
				MARKETING_VERSION = 1.0;
				PRODUCT_BUNDLE_IDENTIFIER = com.lorenzodecaria.MarvelComicsTests;
				PRODUCT_NAME = "$(TARGET_NAME)";
				SWIFT_EMIT_LOC_STRINGS = NO;
				SWIFT_VERSION = 5.0;
				TARGETED_DEVICE_FAMILY = "1,2";
				TEST_HOST = "$(BUILT_PRODUCTS_DIR)/MarvelComics.app/$(BUNDLE_EXECUTABLE_FOLDER_PATH)/MarvelComics";
			};
			name = Debug;
		};
		9F2448782BD0A5AC004D1A68 /* Release */ = {
			isa = XCBuildConfiguration;
			buildSettings = {
				BUNDLE_LOADER = "$(TEST_HOST)";
				CODE_SIGN_STYLE = Automatic;
				CURRENT_PROJECT_VERSION = 1;
				DEVELOPMENT_TEAM = ATQ69Z5T32;
				GENERATE_INFOPLIST_FILE = YES;
				MARKETING_VERSION = 1.0;
				PRODUCT_BUNDLE_IDENTIFIER = com.lorenzodecaria.MarvelComicsTests;
				PRODUCT_NAME = "$(TARGET_NAME)";
				SWIFT_EMIT_LOC_STRINGS = NO;
				SWIFT_VERSION = 5.0;
				TARGETED_DEVICE_FAMILY = "1,2";
				TEST_HOST = "$(BUILT_PRODUCTS_DIR)/MarvelComics.app/$(BUNDLE_EXECUTABLE_FOLDER_PATH)/MarvelComics";
			};
			name = Release;
		};
		9F2448872BD0A5E9004D1A68 /* Debug */ = {
			isa = XCBuildConfiguration;
			buildSettings = {
				CODE_SIGN_STYLE = Automatic;
				CURRENT_PROJECT_VERSION = 1;
				DEVELOPMENT_TEAM = ATQ69Z5T32;
				GENERATE_INFOPLIST_FILE = YES;
				MARKETING_VERSION = 1.0;
				PRODUCT_BUNDLE_IDENTIFIER = com.lorenzodecaria.MarvelComicsUITests;
				PRODUCT_NAME = "$(TARGET_NAME)";
				SWIFT_EMIT_LOC_STRINGS = NO;
				SWIFT_VERSION = 5.0;
				TARGETED_DEVICE_FAMILY = "1,2";
				TEST_TARGET_NAME = MarvelComics;
			};
			name = Debug;
		};
		9F2448882BD0A5E9004D1A68 /* Release */ = {
			isa = XCBuildConfiguration;
			buildSettings = {
				CODE_SIGN_STYLE = Automatic;
				CURRENT_PROJECT_VERSION = 1;
				DEVELOPMENT_TEAM = ATQ69Z5T32;
				GENERATE_INFOPLIST_FILE = YES;
				MARKETING_VERSION = 1.0;
				PRODUCT_BUNDLE_IDENTIFIER = com.lorenzodecaria.MarvelComicsUITests;
				PRODUCT_NAME = "$(TARGET_NAME)";
				SWIFT_EMIT_LOC_STRINGS = NO;
				SWIFT_VERSION = 5.0;
				TARGETED_DEVICE_FAMILY = "1,2";
				TEST_TARGET_NAME = MarvelComics;
			};
			name = Release;
		};
/* End XCBuildConfiguration section */

/* Begin XCConfigurationList section */
		9F0C8A842BCE0C5B00515E08 /* Build configuration list for PBXProject "MarvelComics" */ = {
			isa = XCConfigurationList;
			buildConfigurations = (
				9F0C8A952BCE0C5D00515E08 /* Debug */,
				9F0C8A962BCE0C5D00515E08 /* Release */,
			);
			defaultConfigurationIsVisible = 0;
			defaultConfigurationName = Release;
		};
		9F0C8A972BCE0C5D00515E08 /* Build configuration list for PBXNativeTarget "MarvelComics" */ = {
			isa = XCConfigurationList;
			buildConfigurations = (
				9F0C8A982BCE0C5D00515E08 /* Debug */,
				9F0C8A992BCE0C5D00515E08 /* Release */,
			);
			defaultConfigurationIsVisible = 0;
			defaultConfigurationName = Release;
		};
		9F2448792BD0A5AC004D1A68 /* Build configuration list for PBXNativeTarget "MarvelComicsTests" */ = {
			isa = XCConfigurationList;
			buildConfigurations = (
				9F2448772BD0A5AC004D1A68 /* Debug */,
				9F2448782BD0A5AC004D1A68 /* Release */,
			);
			defaultConfigurationIsVisible = 0;
			defaultConfigurationName = Release;
		};
		9F2448862BD0A5E9004D1A68 /* Build configuration list for PBXNativeTarget "MarvelComicsUITests" */ = {
			isa = XCConfigurationList;
			buildConfigurations = (
				9F2448872BD0A5E9004D1A68 /* Debug */,
				9F2448882BD0A5E9004D1A68 /* Release */,
			);
			defaultConfigurationIsVisible = 0;
			defaultConfigurationName = Release;
		};
/* End XCConfigurationList section */
	};
	rootObject = 9F0C8A812BCE0C5B00515E08 /* Project object */;
}
